{
  "name": "backo_opens",
  "version": "1.0.0",
  "lockfileVersion": 1,
  "requires": true,
  "dependencies": {
    "animate.css": {
      "version": "4.1.1",
      "resolved": "https://registry.npmjs.org/animate.css/-/animate.css-4.1.1.tgz",
      "integrity": "sha512-+mRmCTv6SbCmtYJCN4faJMNFVNN5EuCTTprDTAo7YzIGji2KADmakjVA3+8mVDkZ2Bf09vayB35lSQIex2+QaQ=="
    },
    "bootstrap": {
      "version": "4.6.2",
      "resolved": "https://registry.npmjs.org/bootstrap/-/bootstrap-4.6.2.tgz",
      "integrity": "sha512-51Bbp/Uxr9aTuy6ca/8FbFloBUJZLHwnhTcnjIeRn2suQWsWzcuJhGjKDB5eppVte/8oCdOL3VuwxvZDUggwGQ=="
    },
    "datatables.net": {
      "version": "2.1.1",
      "resolved": "https://registry.npmjs.org/datatables.net/-/datatables.net-2.1.1.tgz",
      "integrity": "sha1-bxED7wgFRkKuz4Xn4l79WSgi7ng=",
      "requires": {
        "jquery": ">=1.7"
      }
    },
    "datatables.net-bs4": {
      "version": "3.2.2",
      "resolved": "https://registry.npmjs.org/datatables.net-bs4/-/datatables.net-bs4-3.2.2.tgz",
      "integrity": "sha1-R4YNjMskckMJ/jAN5y6v1yAbusY=",
      "requires": {
        "datatables.net": ">=1.10.13",
        "jquery": ">=1.7"
      }
    },
    "datatables.net-buttons": {
      "version": "2.2.2",
      "resolved": "https://registry.npmjs.org/datatables.net-buttons/-/datatables.net-buttons-2.2.2.tgz",
      "integrity": "sha512-YrTgBDejFSzm2CJOx0aOACXDIELBsdMFe6IR3rJqC0elJoMd6uXVQ4pRBQEge4cfWpYa5T1Majm7r6FQi0j6Jw==",
      "requires": {
        "datatables.net": ">=1.11.3",
        "jquery": ">=1.7"
      }
    },
    "datatables.net-buttons-bs4": {
      "version": "2.2.2",
      "resolved": "https://registry.npmjs.org/datatables.net-buttons-bs4/-/datatables.net-buttons-bs4-2.2.2.tgz",
      "integrity": "sha512-uQAuWXYy5GAwC7fsFoigMAGqoOD4b+qVA9e3USnzV17cRVG4oj46CyB9a/FhyEtflO812aMFyAl/7rkfnIWS2w==",
      "requires": {
        "datatables.net-bs4": ">=1.11.3",
        "datatables.net-buttons": ">=2.0.1",
        "jquery": ">=1.7"
      }
    },
    "flag-icon-css": {
      "version": "4.1.7",
      "resolved": "https://registry.npmjs.org/flag-icon-css/-/flag-icon-css-4.1.7.tgz",
      "integrity": "sha512-AFjSU+fv98XbU0vnTQ32vcLj89UEr1MhwDFcooQv14qWJCjg9fGZzfh9BVyDhAhIOZW/pGmJmq38RqpgPaeybQ=="
    },
    "font-awesome": {
      "version": "4.7.0",
      "resolved": "https://registry.npmjs.org/font-awesome/-/font-awesome-4.7.0.tgz",
      "integrity": "sha1-j6jPBBGhoxr9B7BtKQK7n8gVoTM="
    },
    "jquery": {
      "version": "3.6.0",
      "resolved": "https://registry.npmjs.org/jquery/-/jquery-3.6.0.tgz",
      "integrity": "sha512-JVzAR/AjBvVt2BmYhxRCSYysDsPcssdmTFnzyLEts9qNwmjmu4JTAMYubEfwVOSwpQ1I1sKKFcxhZCI2buerfw=="
    },
    "jquery-validation": {
      "version": "1.19.5",
      "resolved": "https://registry.npmjs.org/jquery-validation/-/jquery-validation-1.19.5.tgz",
      "integrity": "sha512-X2SmnPq1mRiDecVYL8edWx+yTBZDyC8ohWXFhXdtqFHgU9Wd4KHkvcbCoIZ0JaSaumzS8s2gXSkP8F7ivg/8ZQ=="
    },
    "jquery-validation-unobtrusive": {
      "version": "3.2.12",
      "resolved": "https://registry.npmjs.org/jquery-validation-unobtrusive/-/jquery-validation-unobtrusive-3.2.12.tgz",
      "integrity": "sha512-kPixGhVcuat7vZXngGFfSIksy4VlzZcHyRgnBIZdsfVneCU+D5sITC8T8dD/9c9K/Q+qkMlgp7ufJHz93nKSuQ==",
      "requires": {
        "jquery": "^3.5.1",
        "jquery-validation": ">=1.16"
      }
    },
    "popper.js": {
      "version": "1.16.1-lts",
      "resolved": "https://registry.npmjs.org/popper.js/-/popper.js-1.16.1-lts.tgz",
      "integrity": "sha512-Kjw8nKRl1m+VrSFCoVGPph93W/qrSO7ZkqPpTf7F4bk/sqcfWK019dWBUpE/fBOsOQY1dks/Bmcbfn1heM/IsA=="
    },
    "themify-icons": {
      "version": "1.0.0",
      "resolved": "https://registry.npmjs.org/themify-icons/-/themify-icons-1.0.0.tgz",
      "integrity": "sha1-IW8zDtG5w/3I5nVlXhiaC37LHFw="
    }
  }
}
